// !$*UTF8*$!
{
	archiveVersion = 1;
	classes = {
	};
	objectVersion = 56;
	objects = {

/* Begin PBXBuildFile section */
		D00022EA2BC505FA00ABED66 /* Statistic.swift in Sources */ = {isa = PBXBuildFile; fileRef = D00022E92BC505FA00ABED66 /* Statistic.swift */; };
		D00022EC2BC507E700ABED66 /* StatsView.swift in Sources */ = {isa = PBXBuildFile; fileRef = D00022EB2BC507E700ABED66 /* StatsView.swift */; };
		D00022EE2BC50E0900ABED66 /* UIWindow+Extension.swift in Sources */ = {isa = PBXBuildFile; fileRef = D00022ED2BC50E0900ABED66 /* UIWindow+Extension.swift */; };
		D00022F02BC5102600ABED66 /* ColorSchemeManager.swift in Sources */ = {isa = PBXBuildFile; fileRef = D00022EF2BC5102600ABED66 /* ColorSchemeManager.swift */; };
		D00022F22BC510DE00ABED66 /* SettingsView.swift in Sources */ = {isa = PBXBuildFile; fileRef = D00022F12BC510DE00ABED66 /* SettingsView.swift */; };
		D00022F42BC5165800ABED66 /* HelpView.swift in Sources */ = {isa = PBXBuildFile; fileRef = D00022F32BC5165800ABED66 /* HelpView.swift */; };
		D00022F62BC57B3300ABED66 /* UbiquitousStore.swift in Sources */ = {isa = PBXBuildFile; fileRef = D00022F52BC57B3300ABED66 /* UbiquitousStore.swift */; };
		D02DD4022BC42F1E00F4B507 /* LetterButtonView.swift in Sources */ = {isa = PBXBuildFile; fileRef = D02DD4012BC42F1E00F4B507 /* LetterButtonView.swift */; };
		D02DD4042BC4368200F4B507 /* KeyboardView.swift in Sources */ = {isa = PBXBuildFile; fileRef = D02DD4032BC4368200F4B507 /* KeyboardView.swift */; };
		D0B6F55E2BC3BEC90060D5C2 /* WordleCloneApp.swift in Sources */ = {isa = PBXBuildFile; fileRef = D0B6F55D2BC3BEC90060D5C2 /* WordleCloneApp.swift */; };
		D0B6F5602BC3BEC90060D5C2 /* GameView.swift in Sources */ = {isa = PBXBuildFile; fileRef = D0B6F55F2BC3BEC90060D5C2 /* GameView.swift */; };
		D0B6F5622BC3BECA0060D5C2 /* Assets.xcassets in Resources */ = {isa = PBXBuildFile; fileRef = D0B6F5612BC3BECA0060D5C2 /* Assets.xcassets */; };
		D0B6F5652BC3BECA0060D5C2 /* Preview Assets.xcassets in Resources */ = {isa = PBXBuildFile; fileRef = D0B6F5642BC3BECA0060D5C2 /* Preview Assets.xcassets */; };
		D0B6F5732BC3C49E0060D5C2 /* Color+Extension.swift in Sources */ = {isa = PBXBuildFile; fileRef = D0B6F5722BC3C49E0060D5C2 /* Color+Extension.swift */; };
		D0B6F5762BC3C5880060D5C2 /* Guess.swift in Sources */ = {isa = PBXBuildFile; fileRef = D0B6F5752BC3C5880060D5C2 /* Guess.swift */; };
		D0B6F5792BC3C6550060D5C2 /* GuessView.swift in Sources */ = {isa = PBXBuildFile; fileRef = D0B6F5782BC3C6550060D5C2 /* GuessView.swift */; };
		D0BE7F192BC3C8E600D3818F /* WordleDataModel.swift in Sources */ = {isa = PBXBuildFile; fileRef = D0BE7F182BC3C8E600D3818F /* WordleDataModel.swift */; };
		D0BE7F1B2BC3C99E00D3818F /* Global.swift in Sources */ = {isa = PBXBuildFile; fileRef = D0BE7F1A2BC3C99E00D3818F /* Global.swift */; };
		D0EEB55B2BC4410600032E16 /* Shake.swift in Sources */ = {isa = PBXBuildFile; fileRef = D0EEB55A2BC4410600032E16 /* Shake.swift */; };
		D0EEB55D2BC460F800032E16 /* FlipView.swift in Sources */ = {isa = PBXBuildFile; fileRef = D0EEB55C2BC460F800032E16 /* FlipView.swift */; };
		D0EEB55F2BC4E60A00032E16 /* ToastView.swift in Sources */ = {isa = PBXBuildFile; fileRef = D0EEB55E2BC4E60A00032E16 /* ToastView.swift */; };
/* End PBXBuildFile section */

/* Begin PBXFileReference section */
		D00022E92BC505FA00ABED66 /* Statistic.swift */ = {isa = PBXFileReference; lastKnownFileType = sourcecode.swift; path = Statistic.swift; sourceTree = "<group>"; };
		D00022EB2BC507E700ABED66 /* StatsView.swift */ = {isa = PBXFileReference; lastKnownFileType = sourcecode.swift; path = StatsView.swift; sourceTree = "<group>"; };
		D00022ED2BC50E0900ABED66 /* UIWindow+Extension.swift */ = {isa = PBXFileReference; lastKnownFileType = sourcecode.swift; path = "UIWindow+Extension.swift"; sourceTree = "<group>"; };
		D00022EF2BC5102600ABED66 /* ColorSchemeManager.swift */ = {isa = PBXFileReference; lastKnownFileType = sourcecode.swift; path = ColorSchemeManager.swift; sourceTree = "<group>"; };
		D00022F12BC510DE00ABED66 /* SettingsView.swift */ = {isa = PBXFileReference; lastKnownFileType = sourcecode.swift; path = SettingsView.swift; sourceTree = "<group>"; };
		D00022F32BC5165800ABED66 /* HelpView.swift */ = {isa = PBXFileReference; lastKnownFileType = sourcecode.swift; path = HelpView.swift; sourceTree = "<group>"; };
		D00022F52BC57B3300ABED66 /* UbiquitousStore.swift */ = {isa = PBXFileReference; lastKnownFileType = sourcecode.swift; path = UbiquitousStore.swift; sourceTree = "<group>"; };
		D00022F72BC57CB000ABED66 /* WordleClone.entitlements */ = {isa = PBXFileReference; lastKnownFileType = text.plist.entitlements; path = WordleClone.entitlements; sourceTree = "<group>"; };
		D02DD4012BC42F1E00F4B507 /* LetterButtonView.swift */ = {isa = PBXFileReference; lastKnownFileType = sourcecode.swift; path = LetterButtonView.swift; sourceTree = "<group>"; };
		D02DD4032BC4368200F4B507 /* KeyboardView.swift */ = {isa = PBXFileReference; lastKnownFileType = sourcecode.swift; path = KeyboardView.swift; sourceTree = "<group>"; };
		D0B6F55A2BC3BEC90060D5C2 /* WordleClone.app */ = {isa = PBXFileReference; explicitFileType = wrapper.application; includeInIndex = 0; path = WordleClone.app; sourceTree = BUILT_PRODUCTS_DIR; };
		D0B6F55D2BC3BEC90060D5C2 /* WordleCloneApp.swift */ = {isa = PBXFileReference; lastKnownFileType = sourcecode.swift; path = WordleCloneApp.swift; sourceTree = "<group>"; };
		D0B6F55F2BC3BEC90060D5C2 /* GameView.swift */ = {isa = PBXFileReference; lastKnownFileType = sourcecode.swift; path = GameView.swift; sourceTree = "<group>"; };
		D0B6F5612BC3BECA0060D5C2 /* Assets.xcassets */ = {isa = PBXFileReference; lastKnownFileType = folder.assetcatalog; path = Assets.xcassets; sourceTree = "<group>"; };
		D0B6F5642BC3BECA0060D5C2 /* Preview Assets.xcassets */ = {isa = PBXFileReference; lastKnownFileType = folder.assetcatalog; path = "Preview Assets.xcassets"; sourceTree = "<group>"; };
		D0B6F5722BC3C49E0060D5C2 /* Color+Extension.swift */ = {isa = PBXFileReference; lastKnownFileType = sourcecode.swift; path = "Color+Extension.swift"; sourceTree = "<group>"; };
		D0B6F5752BC3C5880060D5C2 /* Guess.swift */ = {isa = PBXFileReference; lastKnownFileType = sourcecode.swift; path = Guess.swift; sourceTree = "<group>"; };
		D0B6F5782BC3C6550060D5C2 /* GuessView.swift */ = {isa = PBXFileReference; lastKnownFileType = sourcecode.swift; path = GuessView.swift; sourceTree = "<group>"; };
		D0BE7F182BC3C8E600D3818F /* WordleDataModel.swift */ = {isa = PBXFileReference; lastKnownFileType = sourcecode.swift; path = WordleDataModel.swift; sourceTree = "<group>"; };
		D0BE7F1A2BC3C99E00D3818F /* Global.swift */ = {isa = PBXFileReference; lastKnownFileType = sourcecode.swift; path = Global.swift; sourceTree = "<group>"; };
		D0EEB55A2BC4410600032E16 /* Shake.swift */ = {isa = PBXFileReference; lastKnownFileType = sourcecode.swift; path = Shake.swift; sourceTree = "<group>"; };
		D0EEB55C2BC460F800032E16 /* FlipView.swift */ = {isa = PBXFileReference; lastKnownFileType = sourcecode.swift; path = FlipView.swift; sourceTree = "<group>"; };
		D0EEB55E2BC4E60A00032E16 /* ToastView.swift */ = {isa = PBXFileReference; lastKnownFileType = sourcecode.swift; path = ToastView.swift; sourceTree = "<group>"; };
/* End PBXFileReference section */

/* Begin PBXFrameworksBuildPhase section */
		D0B6F5572BC3BEC90060D5C2 /* Frameworks */ = {
			isa = PBXFrameworksBuildPhase;
			buildActionMask = 2147483647;
			files = (
			);
			runOnlyForDeploymentPostprocessing = 0;
		};
/* End PBXFrameworksBuildPhase section */

/* Begin PBXGroup section */
		D0B6F5512BC3BEC90060D5C2 = {
			isa = PBXGroup;
			children = (
				D0B6F55C2BC3BEC90060D5C2 /* WordleClone */,
				D0B6F55B2BC3BEC90060D5C2 /* Products */,
			);
			sourceTree = "<group>";
		};
		D0B6F55B2BC3BEC90060D5C2 /* Products */ = {
			isa = PBXGroup;
			children = (
				D0B6F55A2BC3BEC90060D5C2 /* WordleClone.app */,
			);
			name = Products;
			sourceTree = "<group>";
		};
		D0B6F55C2BC3BEC90060D5C2 /* WordleClone */ = {
			isa = PBXGroup;
			children = (
				D00022F72BC57CB000ABED66 /* WordleClone.entitlements */,
				D0EEB5592BC440FB00032E16 /* Animations */,
				D0BE7F172BC3C8DA00D3818F /* ViewModels */,
				D0B6F5772BC3C60E0060D5C2 /* Views */,
				D0B6F5742BC3C5720060D5C2 /* Models */,
				D0B6F5712BC3C4920060D5C2 /* Extensions */,
				D0B6F55D2BC3BEC90060D5C2 /* WordleCloneApp.swift */,
				D0B6F5612BC3BECA0060D5C2 /* Assets.xcassets */,
				D0B6F5632BC3BECA0060D5C2 /* Preview Content */,
			);
			path = WordleClone;
			sourceTree = "<group>";
		};
		D0B6F5632BC3BECA0060D5C2 /* Preview Content */ = {
			isa = PBXGroup;
			children = (
				D0B6F5642BC3BECA0060D5C2 /* Preview Assets.xcassets */,
			);
			path = "Preview Content";
			sourceTree = "<group>";
		};
		D0B6F5712BC3C4920060D5C2 /* Extensions */ = {
			isa = PBXGroup;
			children = (
				D0B6F5722BC3C49E0060D5C2 /* Color+Extension.swift */,
				D00022ED2BC50E0900ABED66 /* UIWindow+Extension.swift */,
			);
			path = Extensions;
			sourceTree = "<group>";
		};
		D0B6F5742BC3C5720060D5C2 /* Models */ = {
			isa = PBXGroup;
			children = (
				D0B6F5752BC3C5880060D5C2 /* Guess.swift */,
				D0BE7F1A2BC3C99E00D3818F /* Global.swift */,
				D00022E92BC505FA00ABED66 /* Statistic.swift */,
				D00022F52BC57B3300ABED66 /* UbiquitousStore.swift */,
			);
			path = Models;
			sourceTree = "<group>";
		};
		D0B6F5772BC3C60E0060D5C2 /* Views */ = {
			isa = PBXGroup;
			children = (
				D0B6F55F2BC3BEC90060D5C2 /* GameView.swift */,
				D0B6F5782BC3C6550060D5C2 /* GuessView.swift */,
				D02DD4012BC42F1E00F4B507 /* LetterButtonView.swift */,
				D02DD4032BC4368200F4B507 /* KeyboardView.swift */,
				D0EEB55E2BC4E60A00032E16 /* ToastView.swift */,
				D00022EB2BC507E700ABED66 /* StatsView.swift */,
				D00022F12BC510DE00ABED66 /* SettingsView.swift */,
				D00022F32BC5165800ABED66 /* HelpView.swift */,
			);
			path = Views;
			sourceTree = "<group>";
		};
		D0BE7F172BC3C8DA00D3818F /* ViewModels */ = {
			isa = PBXGroup;
			children = (
				D0BE7F182BC3C8E600D3818F /* WordleDataModel.swift */,
				D00022EF2BC5102600ABED66 /* ColorSchemeManager.swift */,
			);
			path = ViewModels;
			sourceTree = "<group>";
		};
		D0EEB5592BC440FB00032E16 /* Animations */ = {
			isa = PBXGroup;
			children = (
				D0EEB55A2BC4410600032E16 /* Shake.swift */,
				D0EEB55C2BC460F800032E16 /* FlipView.swift */,
			);
			path = Animations;
			sourceTree = "<group>";
		};
/* End PBXGroup section */

/* Begin PBXNativeTarget section */
		D0B6F5592BC3BEC90060D5C2 /* WordleClone */ = {
			isa = PBXNativeTarget;
			buildConfigurationList = D0B6F5682BC3BECA0060D5C2 /* Build configuration list for PBXNativeTarget "WordleClone" */;
			buildPhases = (
				D0B6F5562BC3BEC90060D5C2 /* Sources */,
				D0B6F5572BC3BEC90060D5C2 /* Frameworks */,
				D0B6F5582BC3BEC90060D5C2 /* Resources */,
			);
			buildRules = (
			);
			dependencies = (
			);
			name = WordleClone;
			productName = WordleClone;
			productReference = D0B6F55A2BC3BEC90060D5C2 /* WordleClone.app */;
			productType = "com.apple.product-type.application";
		};
/* End PBXNativeTarget section */

/* Begin PBXProject section */
		D0B6F5522BC3BEC90060D5C2 /* Project object */ = {
			isa = PBXProject;
			attributes = {
				BuildIndependentTargetsInParallel = 1;
				LastSwiftUpdateCheck = 1500;
				LastUpgradeCheck = 1500;
				TargetAttributes = {
					D0B6F5592BC3BEC90060D5C2 = {
						CreatedOnToolsVersion = 15.0.1;
					};
				};
			};
			buildConfigurationList = D0B6F5552BC3BEC90060D5C2 /* Build configuration list for PBXProject "WordleClone" */;
			compatibilityVersion = "Xcode 14.0";
			developmentRegion = en;
			hasScannedForEncodings = 0;
			knownRegions = (
				en,
				Base,
			);
			mainGroup = D0B6F5512BC3BEC90060D5C2;
			productRefGroup = D0B6F55B2BC3BEC90060D5C2 /* Products */;
			projectDirPath = "";
			projectRoot = "";
			targets = (
				D0B6F5592BC3BEC90060D5C2 /* WordleClone */,
			);
		};
/* End PBXProject section */

/* Begin PBXResourcesBuildPhase section */
		D0B6F5582BC3BEC90060D5C2 /* Resources */ = {
			isa = PBXResourcesBuildPhase;
			buildActionMask = 2147483647;
			files = (
				D0B6F5652BC3BECA0060D5C2 /* Preview Assets.xcassets in Resources */,
				D0B6F5622BC3BECA0060D5C2 /* Assets.xcassets in Resources */,
			);
			runOnlyForDeploymentPostprocessing = 0;
		};
/* End PBXResourcesBuildPhase section */

/* Begin PBXSourcesBuildPhase section */
		D0B6F5562BC3BEC90060D5C2 /* Sources */ = {
			isa = PBXSourcesBuildPhase;
			buildActionMask = 2147483647;
			files = (
				D02DD4022BC42F1E00F4B507 /* LetterButtonView.swift in Sources */,
				D0EEB55D2BC460F800032E16 /* FlipView.swift in Sources */,
				D00022F02BC5102600ABED66 /* ColorSchemeManager.swift in Sources */,
				D00022F62BC57B3300ABED66 /* UbiquitousStore.swift in Sources */,
				D0B6F5602BC3BEC90060D5C2 /* GameView.swift in Sources */,
				D0B6F5792BC3C6550060D5C2 /* GuessView.swift in Sources */,
				D00022F22BC510DE00ABED66 /* SettingsView.swift in Sources */,
				D0EEB55F2BC4E60A00032E16 /* ToastView.swift in Sources */,
				D02DD4042BC4368200F4B507 /* KeyboardView.swift in Sources */,
				D0B6F5762BC3C5880060D5C2 /* Guess.swift in Sources */,
				D0B6F5732BC3C49E0060D5C2 /* Color+Extension.swift in Sources */,
				D0EEB55B2BC4410600032E16 /* Shake.swift in Sources */,
				D0BE7F192BC3C8E600D3818F /* WordleDataModel.swift in Sources */,
				D0B6F55E2BC3BEC90060D5C2 /* WordleCloneApp.swift in Sources */,
				D00022F42BC5165800ABED66 /* HelpView.swift in Sources */,
				D00022EE2BC50E0900ABED66 /* UIWindow+Extension.swift in Sources */,
				D0BE7F1B2BC3C99E00D3818F /* Global.swift in Sources */,
				D00022EC2BC507E700ABED66 /* StatsView.swift in Sources */,
				D00022EA2BC505FA00ABED66 /* Statistic.swift in Sources */,
			);
			runOnlyForDeploymentPostprocessing = 0;
		};
/* End PBXSourcesBuildPhase section */

/* Begin XCBuildConfiguration section */
		D0B6F5662BC3BECA0060D5C2 /* Debug */ = {
			isa = XCBuildConfiguration;
			buildSettings = {
				ALWAYS_SEARCH_USER_PATHS = NO;
				ASSETCATALOG_COMPILER_GENERATE_SWIFT_ASSET_SYMBOL_EXTENSIONS = YES;
				CLANG_ANALYZER_NONNULL = YES;
				CLANG_ANALYZER_NUMBER_OBJECT_CONVERSION = YES_AGGRESSIVE;
				CLANG_CXX_LANGUAGE_STANDARD = "gnu++20";
				CLANG_ENABLE_MODULES = YES;
				CLANG_ENABLE_OBJC_ARC = YES;
				CLANG_ENABLE_OBJC_WEAK = YES;
				CLANG_WARN_BLOCK_CAPTURE_AUTORELEASING = YES;
				CLANG_WARN_BOOL_CONVERSION = YES;
				CLANG_WARN_COMMA = YES;
				CLANG_WARN_CONSTANT_CONVERSION = YES;
				CLANG_WARN_DEPRECATED_OBJC_IMPLEMENTATIONS = YES;
				CLANG_WARN_DIRECT_OBJC_ISA_USAGE = YES_ERROR;
				CLANG_WARN_DOCUMENTATION_COMMENTS = YES;
				CLANG_WARN_EMPTY_BODY = YES;
				CLANG_WARN_ENUM_CONVERSION = YES;
				CLANG_WARN_INFINITE_RECURSION = YES;
				CLANG_WARN_INT_CONVERSION = YES;
				CLANG_WARN_NON_LITERAL_NULL_CONVERSION = YES;
				CLANG_WARN_OBJC_IMPLICIT_RETAIN_SELF = YES;
				CLANG_WARN_OBJC_LITERAL_CONVERSION = YES;
				CLANG_WARN_OBJC_ROOT_CLASS = YES_ERROR;
				CLANG_WARN_QUOTED_INCLUDE_IN_FRAMEWORK_HEADER = YES;
				CLANG_WARN_RANGE_LOOP_ANALYSIS = YES;
				CLANG_WARN_STRICT_PROTOTYPES = YES;
				CLANG_WARN_SUSPICIOUS_MOVE = YES;
				CLANG_WARN_UNGUARDED_AVAILABILITY = YES_AGGRESSIVE;
				CLANG_WARN_UNREACHABLE_CODE = YES;
				CLANG_WARN__DUPLICATE_METHOD_MATCH = YES;
				COPY_PHASE_STRIP = NO;
				DEBUG_INFORMATION_FORMAT = dwarf;
				ENABLE_STRICT_OBJC_MSGSEND = YES;
				ENABLE_TESTABILITY = YES;
				ENABLE_USER_SCRIPT_SANDBOXING = YES;
				GCC_C_LANGUAGE_STANDARD = gnu17;
				GCC_DYNAMIC_NO_PIC = NO;
				GCC_NO_COMMON_BLOCKS = YES;
				GCC_OPTIMIZATION_LEVEL = 0;
				GCC_PREPROCESSOR_DEFINITIONS = (
					"DEBUG=1",
					"$(inherited)",
				);
				GCC_WARN_64_TO_32_BIT_CONVERSION = YES;
				GCC_WARN_ABOUT_RETURN_TYPE = YES_ERROR;
				GCC_WARN_UNDECLARED_SELECTOR = YES;
				GCC_WARN_UNINITIALIZED_AUTOS = YES_AGGRESSIVE;
				GCC_WARN_UNUSED_FUNCTION = YES;
				GCC_WARN_UNUSED_VARIABLE = YES;
				IPHONEOS_DEPLOYMENT_TARGET = 17.0;
				LOCALIZATION_PREFERS_STRING_CATALOGS = YES;
				MTL_ENABLE_DEBUG_INFO = INCLUDE_SOURCE;
				MTL_FAST_MATH = YES;
				ONLY_ACTIVE_ARCH = YES;
				SDKROOT = iphoneos;
				SWIFT_ACTIVE_COMPILATION_CONDITIONS = "DEBUG $(inherited)";
				SWIFT_OPTIMIZATION_LEVEL = "-Onone";
			};
			name = Debug;
		};
		D0B6F5672BC3BECA0060D5C2 /* Release */ = {
			isa = XCBuildConfiguration;
			buildSettings = {
				ALWAYS_SEARCH_USER_PATHS = NO;
				ASSETCATALOG_COMPILER_GENERATE_SWIFT_ASSET_SYMBOL_EXTENSIONS = YES;
				CLANG_ANALYZER_NONNULL = YES;
				CLANG_ANALYZER_NUMBER_OBJECT_CONVERSION = YES_AGGRESSIVE;
				CLANG_CXX_LANGUAGE_STANDARD = "gnu++20";
				CLANG_ENABLE_MODULES = YES;
				CLANG_ENABLE_OBJC_ARC = YES;
				CLANG_ENABLE_OBJC_WEAK = YES;
				CLANG_WARN_BLOCK_CAPTURE_AUTORELEASING = YES;
				CLANG_WARN_BOOL_CONVERSION = YES;
				CLANG_WARN_COMMA = YES;
				CLANG_WARN_CONSTANT_CONVERSION = YES;
				CLANG_WARN_DEPRECATED_OBJC_IMPLEMENTATIONS = YES;
				CLANG_WARN_DIRECT_OBJC_ISA_USAGE = YES_ERROR;
				CLANG_WARN_DOCUMENTATION_COMMENTS = YES;
				CLANG_WARN_EMPTY_BODY = YES;
				CLANG_WARN_ENUM_CONVERSION = YES;
				CLANG_WARN_INFINITE_RECURSION = YES;
				CLANG_WARN_INT_CONVERSION = YES;
				CLANG_WARN_NON_LITERAL_NULL_CONVERSION = YES;
				CLANG_WARN_OBJC_IMPLICIT_RETAIN_SELF = YES;
				CLANG_WARN_OBJC_LITERAL_CONVERSION = YES;
				CLANG_WARN_OBJC_ROOT_CLASS = YES_ERROR;
				CLANG_WARN_QUOTED_INCLUDE_IN_FRAMEWORK_HEADER = YES;
				CLANG_WARN_RANGE_LOOP_ANALYSIS = YES;
				CLANG_WARN_STRICT_PROTOTYPES = YES;
				CLANG_WARN_SUSPICIOUS_MOVE = YES;
				CLANG_WARN_UNGUARDED_AVAILABILITY = YES_AGGRESSIVE;
				CLANG_WARN_UNREACHABLE_CODE = YES;
				CLANG_WARN__DUPLICATE_METHOD_MATCH = YES;
				COPY_PHASE_STRIP = NO;
				DEBUG_INFORMATION_FORMAT = "dwarf-with-dsym";
				ENABLE_NS_ASSERTIONS = NO;
				ENABLE_STRICT_OBJC_MSGSEND = YES;
				ENABLE_USER_SCRIPT_SANDBOXING = YES;
				GCC_C_LANGUAGE_STANDARD = gnu17;
				GCC_NO_COMMON_BLOCKS = YES;
				GCC_WARN_64_TO_32_BIT_CONVERSION = YES;
				GCC_WARN_ABOUT_RETURN_TYPE = YES_ERROR;
				GCC_WARN_UNDECLARED_SELECTOR = YES;
				GCC_WARN_UNINITIALIZED_AUTOS = YES_AGGRESSIVE;
				GCC_WARN_UNUSED_FUNCTION = YES;
				GCC_WARN_UNUSED_VARIABLE = YES;
				IPHONEOS_DEPLOYMENT_TARGET = 17.0;
				LOCALIZATION_PREFERS_STRING_CATALOGS = YES;
				MTL_ENABLE_DEBUG_INFO = NO;
				MTL_FAST_MATH = YES;
				SDKROOT = iphoneos;
				SWIFT_COMPILATION_MODE = wholemodule;
				VALIDATE_PRODUCT = YES;
			};
			name = Release;
		};
		D0B6F5692BC3BECA0060D5C2 /* Debug */ = {
			isa = XCBuildConfiguration;
			buildSettings = {
				ASSETCATALOG_COMPILER_APPICON_NAME = AppIcon;
				ASSETCATALOG_COMPILER_GLOBAL_ACCENT_COLOR_NAME = AccentColor;
				CODE_SIGN_ENTITLEMENTS = WordleClone/WordleClone.entitlements;
				CODE_SIGN_STYLE = Automatic;
				CURRENT_PROJECT_VERSION = 1;
				DEVELOPMENT_ASSET_PATHS = "\"WordleClone/Preview Content\"";
				DEVELOPMENT_TEAM = FK6TFWF4AL;
				ENABLE_PREVIEWS = YES;
				GENERATE_INFOPLIST_FILE = YES;
				INFOPLIST_KEY_UIApplicationSceneManifest_Generation = YES;
				INFOPLIST_KEY_UIApplicationSupportsIndirectInputEvents = YES;
				INFOPLIST_KEY_UILaunchScreen_Generation = YES;
				INFOPLIST_KEY_UISupportedInterfaceOrientations_iPad = "UIInterfaceOrientationPortrait UIInterfaceOrientationPortraitUpsideDown UIInterfaceOrientationLandscapeLeft UIInterfaceOrientationLandscapeRight";
				INFOPLIST_KEY_UISupportedInterfaceOrientations_iPhone = "UIInterfaceOrientationPortrait UIInterfaceOrientationLandscapeLeft UIInterfaceOrientationLandscapeRight";
				LD_RUNPATH_SEARCH_PATHS = (
					"$(inherited)",
					"@executable_path/Frameworks",
				);
				MARKETING_VERSION = 1.0;
				PRODUCT_BUNDLE_IDENTIFIER = dev.justinagrimes.WordleClone;
				PRODUCT_NAME = "$(TARGET_NAME)";
				SWIFT_EMIT_LOC_STRINGS = YES;
				SWIFT_VERSION = 5.0;
				TARGETED_DEVICE_FAMILY = "1,2";
			};
			name = Debug;
		};
		D0B6F56A2BC3BECA0060D5C2 /* Release */ = {
			isa = XCBuildConfiguration;
			buildSettings = {
				ASSETCATALOG_COMPILER_APPICON_NAME = AppIcon;
				ASSETCATALOG_COMPILER_GLOBAL_ACCENT_COLOR_NAME = AccentColor;
				CODE_SIGN_ENTITLEMENTS = WordleClone/WordleClone.entitlements;
				CODE_SIGN_STYLE = Automatic;
				CURRENT_PROJECT_VERSION = 1;
				DEVELOPMENT_ASSET_PATHS = "\"WordleClone/Preview Content\"";
				DEVELOPMENT_TEAM = FK6TFWF4AL;
				ENABLE_PREVIEWS = YES;
				GENERATE_INFOPLIST_FILE = YES;
				INFOPLIST_KEY_UIApplicationSceneManifest_Generation = YES;
				INFOPLIST_KEY_UIApplicationSupportsIndirectInputEvents = YES;
				INFOPLIST_KEY_UILaunchScreen_Generation = YES;
				INFOPLIST_KEY_UISupportedInterfaceOrientations_iPad = "UIInterfaceOrientationPortrait UIInterfaceOrientationPortraitUpsideDown UIInterfaceOrientationLandscapeLeft UIInterfaceOrientationLandscapeRight";
				INFOPLIST_KEY_UISupportedInterfaceOrientations_iPhone = "UIInterfaceOrientationPortrait UIInterfaceOrientationLandscapeLeft UIInterfaceOrientationLandscapeRight";
				LD_RUNPATH_SEARCH_PATHS = (
					"$(inherited)",
					"@executable_path/Frameworks",
				);
				MARKETING_VERSION = 1.0;
				PRODUCT_BUNDLE_IDENTIFIER = dev.justinagrimes.WordleClone;
				PRODUCT_NAME = "$(TARGET_NAME)";
				SWIFT_EMIT_LOC_STRINGS = YES;
				SWIFT_VERSION = 5.0;
				TARGETED_DEVICE_FAMILY = "1,2";
			};
			name = Release;
		};
/* End XCBuildConfiguration section */

/* Begin XCConfigurationList section */
		D0B6F5552BC3BEC90060D5C2 /* Build configuration list for PBXProject "WordleClone" */ = {
			isa = XCConfigurationList;
			buildConfigurations = (
				D0B6F5662BC3BECA0060D5C2 /* Debug */,
				D0B6F5672BC3BECA0060D5C2 /* Release */,
			);
			defaultConfigurationIsVisible = 0;
			defaultConfigurationName = Release;
		};
		D0B6F5682BC3BECA0060D5C2 /* Build configuration list for PBXNativeTarget "WordleClone" */ = {
			isa = XCConfigurationList;
			buildConfigurations = (
				D0B6F5692BC3BECA0060D5C2 /* Debug */,
				D0B6F56A2BC3BECA0060D5C2 /* Release */,
			);
			defaultConfigurationIsVisible = 0;
			defaultConfigurationName = Release;
		};
/* End XCConfigurationList section */
	};
	rootObject = D0B6F5522BC3BEC90060D5C2 /* Project object */;
}
